
Microsoft Visual Studio Solution File, Format Version 12.00
# Visual Studio 15
VisualStudioVersion = 15.0.27130.2024
MinimumVisualStudioVersion = 10.0.40219.1
Project("{9A19103F-16F7-4668-BE54-9A1E7A4F7556}") = "01.GenericBoxofString", "GenericBoxofString\01.GenericBoxofString.csproj", "{04E467E6-8459-40C2-B864-0ECBADCB9FD8}"
EndProject
Project("{9A19103F-16F7-4668-BE54-9A1E7A4F7556}") = "02.GenericBoxofInteger", "02.GenericBoxofInteger\02.GenericBoxofInteger.csproj", "{70DD414A-E017-4085-98DC-FE362F3FC5D5}"
EndProject
Project("{9A19103F-16F7-4668-BE54-9A1E7A4F7556}") = "03.GenericSwapMethodString", "03.GenericSwapMethodString\03.GenericSwapMethodString.csproj", "{920FE160-BA90-47A0-8001-2DCA2B383E08}"
EndProject
Project("{9A19103F-16F7-4668-BE54-9A1E7A4F7556}") = "04.GenericSwapMethodInteger", "04.GenericSwapMethodInteger\04.GenericSwapMethodInteger.csproj", "{A64915EA-DE1F-4B7B-9E4C-2B08B0C90239}"
EndProject
Project("{9A19103F-16F7-4668-BE54-9A1E7A4F7556}") = "05.GenericCountMethodString", "05.GenericCountMethodString\05.GenericCountMethodString.csproj", "{0387EB94-F6C3-4121-B05B-B95BD832225D}"
EndProject
Project("{FAE04EC0-301F-11D3-BF4B-00C04F79EFBC}") = "06.GenericCountMethodDouble", "06.GenericCountMethodDouble\06.GenericCountMethodDouble.csproj", "{08E199E7-34E7-484D-B086-951966F8A1BF}"
EndProject
Project("{FAE04EC0-301F-11D3-BF4B-00C04F79EFBC}") = "07.CustomList", "07.CustomList\07.CustomList.csproj", "{AE06103F-C894-42A3-AA16-C4AC8ABB3626}"
EndProject
Project("{FAE04EC0-301F-11D3-BF4B-00C04F79EFBC}") = "08.CustomListSorter", "08.CustomListSorter\08.CustomListSorter.csproj", "{A52BF3F4-4EE9-4077-AEFF-B84BAFB6F563}"
EndProject
Project("{FAE04EC0-301F-11D3-BF4B-00C04F79EFBC}") = "09.CustomListIterator", "09.CustomListIterator\09.CustomListIterator.csproj", "{6FECB363-5171-4149-80DB-9F7EFDFACEFD}"
EndProject
Project("{FAE04EC0-301F-11D3-BF4B-00C04F79EFBC}") = "10.Tuple", "10.Tuple\10.Tuple.csproj", "{CBAC3B40-EB12-4611-9190-D25ADC9CFE44}"
EndProject
Project("{FAE04EC0-301F-11D3-BF4B-00C04F79EFBC}") = "11.Threeuple", "11.Threeuple\11.Threeuple.csproj", "{F6E49690-CB29-4D3A-AEE6-636FF509FB8F}"
EndProject
Global
	GlobalSection(SolutionConfigurationPlatforms) = preSolution
		Debug|Any CPU = Debug|Any CPU
		Release|Any CPU = Release|Any CPU
	EndGlobalSection
	GlobalSection(ProjectConfigurationPlatforms) = postSolution
		{04E467E6-8459-40C2-B864-0ECBADCB9FD8}.Debug|Any CPU.ActiveCfg = Debug|Any CPU
		{04E467E6-8459-40C2-B864-0ECBADCB9FD8}.Debug|Any CPU.Build.0 = Debug|Any CPU
		{04E467E6-8459-40C2-B864-0ECBADCB9FD8}.Release|Any CPU.ActiveCfg = Release|Any CPU
		{04E467E6-8459-40C2-B864-0ECBADCB9FD8}.Release|Any CPU.Build.0 = Release|Any CPU
		{70DD414A-E017-4085-98DC-FE362F3FC5D5}.Debug|Any CPU.ActiveCfg = Debug|Any CPU
		{70DD414A-E017-4085-98DC-FE362F3FC5D5}.Debug|Any CPU.Build.0 = Debug|Any CPU
		{70DD414A-E017-4085-98DC-FE362F3FC5D5}.Release|Any CPU.ActiveCfg = Release|Any CPU
		{70DD414A-E017-4085-98DC-FE362F3FC5D5}.Release|Any CPU.Build.0 = Release|Any CPU
		{920FE160-BA90-47A0-8001-2DCA2B383E08}.Debug|Any CPU.ActiveCfg = Debug|Any CPU
		{920FE160-BA90-47A0-8001-2DCA2B383E08}.Debug|Any CPU.Build.0 = Debug|Any CPU
		{920FE160-BA90-47A0-8001-2DCA2B383E08}.Release|Any CPU.ActiveCfg = Release|Any CPU
		{920FE160-BA90-47A0-8001-2DCA2B383E08}.Release|Any CPU.Build.0 = Release|Any CPU
		{A64915EA-DE1F-4B7B-9E4C-2B08B0C90239}.Debug|Any CPU.ActiveCfg = Debug|Any CPU
		{A64915EA-DE1F-4B7B-9E4C-2B08B0C90239}.Debug|Any CPU.Build.0 = Debug|Any CPU
		{A64915EA-DE1F-4B7B-9E4C-2B08B0C90239}.Release|Any CPU.ActiveCfg = Release|Any CPU
		{A64915EA-DE1F-4B7B-9E4C-2B08B0C90239}.Release|Any CPU.Build.0 = Release|Any CPU
		{0387EB94-F6C3-4121-B05B-B95BD832225D}.Debug|Any CPU.ActiveCfg = Debug|Any CPU
		{0387EB94-F6C3-4121-B05B-B95BD832225D}.Debug|Any CPU.Build.0 = Debug|Any CPU
		{0387EB94-F6C3-4121-B05B-B95BD832225D}.Release|Any CPU.ActiveCfg = Release|Any CPU
		{0387EB94-F6C3-4121-B05B-B95BD832225D}.Release|Any CPU.Build.0 = Release|Any CPU
		{08E199E7-34E7-484D-B086-951966F8A1BF}.Debug|Any CPU.ActiveCfg = Debug|Any CPU
		{08E199E7-34E7-484D-B086-951966F8A1BF}.Debug|Any CPU.Build.0 = Debug|Any CPU
		{08E199E7-34E7-484D-B086-951966F8A1BF}.Release|Any CPU.ActiveCfg = Release|Any CPU
		{08E199E7-34E7-484D-B086-951966F8A1BF}.Release|Any CPU.Build.0 = Release|Any CPU
		{AE06103F-C894-42A3-AA16-C4AC8ABB3626}.Debug|Any CPU.ActiveCfg = Debug|Any CPU
		{AE06103F-C894-42A3-AA16-C4AC8ABB3626}.Debug|Any CPU.Build.0 = Debug|Any CPU
		{AE06103F-C894-42A3-AA16-C4AC8ABB3626}.Release|Any CPU.ActiveCfg = Release|Any CPU
		{AE06103F-C894-42A3-AA16-C4AC8ABB3626}.Release|Any CPU.Build.0 = Release|Any CPU
		{A52BF3F4-4EE9-4077-AEFF-B84BAFB6F563}.Debug|Any CPU.ActiveCfg = Debug|Any CPU
		{A52BF3F4-4EE9-4077-AEFF-B84BAFB6F563}.Debug|Any CPU.Build.0 = Debug|Any CPU
		{A52BF3F4-4EE9-4077-AEFF-B84BAFB6F563}.Release|Any CPU.ActiveCfg = Release|Any CPU
		{A52BF3F4-4EE9-4077-AEFF-B84BAFB6F563}.Release|Any CPU.Build.0 = Release|Any CPU
		{6FECB363-5171-4149-80DB-9F7EFDFACEFD}.Debug|Any CPU.ActiveCfg = Debug|Any CPU
		{6FECB363-5171-4149-80DB-9F7EFDFACEFD}.Debug|Any CPU.Build.0 = Debug|Any CPU
		{6FECB363-5171-4149-80DB-9F7EFDFACEFD}.Release|Any CPU.ActiveCfg = Release|Any CPU
		{6FECB363-5171-4149-80DB-9F7EFDFACEFD}.Release|Any CPU.Build.0 = Release|Any CPU
		{CBAC3B40-EB12-4611-9190-D25ADC9CFE44}.Debug|Any CPU.ActiveCfg = Debug|Any CPU
		{CBAC3B40-EB12-4611-9190-D25ADC9CFE44}.Debug|Any CPU.Build.0 = Debug|Any CPU
		{CBAC3B40-EB12-4611-9190-D25ADC9CFE44}.Release|Any CPU.ActiveCfg = Release|Any CPU
		{CBAC3B40-EB12-4611-9190-D25ADC9CFE44}.Release|Any CPU.Build.0 = Release|Any CPU
		{F6E49690-CB29-4D3A-AEE6-636FF509FB8F}.Debug|Any CPU.ActiveCfg = Debug|Any CPU
		{F6E49690-CB29-4D3A-AEE6-636FF509FB8F}.Debug|Any CPU.Build.0 = Debug|Any CPU
		{F6E49690-CB29-4D3A-AEE6-636FF509FB8F}.Release|Any CPU.ActiveCfg = Release|Any CPU
		{F6E49690-CB29-4D3A-AEE6-636FF509FB8F}.Release|Any CPU.Build.0 = Release|Any CPU
	EndGlobalSection
	GlobalSection(SolutionProperties) = preSolution
		HideSolutionNode = FALSE
	EndGlobalSection
	GlobalSection(ExtensibilityGlobals) = postSolution
		SolutionGuid = {000D54DC-8350-44C4-B0FC-65A642D2437C}
	EndGlobalSection
EndGlobal
