
Microsoft Visual Studio Solution File, Format Version 12.00
# Visual Studio 15
VisualStudioVersion = 15.0.27130.2024
MinimumVisualStudioVersion = 10.0.40219.1
Project("{9A19103F-16F7-4668-BE54-9A1E7A4F7556}") = "01.Database", "01.Database\01.Database.csproj", "{DDC007C8-D5AD-4B2A-9F73-E20EED9C524D}"
EndProject
Project("{9A19103F-16F7-4668-BE54-9A1E7A4F7556}") = "01.DatabaseTests.cs", "DatabaseTests.cs\01.DatabaseTests.cs.csproj", "{07E6F79B-1338-46AC-8153-DC58DC4BCF9A}"
EndProject
Project("{9A19103F-16F7-4668-BE54-9A1E7A4F7556}") = "02.ExtendedDatabase", "02.ExtendedDatabase\02.ExtendedDatabase.csproj", "{59ED948B-BD16-42A8-9154-3DACE6416E1E}"
EndProject
Project("{9A19103F-16F7-4668-BE54-9A1E7A4F7556}") = "02.ExtendedDBTest.Tests", "02.ExtendedDBTest\02.ExtendedDBTest.Tests.csproj", "{786CD87A-433F-4C4F-BFD0-A08A71574743}"
EndProject
Project("{FAE04EC0-301F-11D3-BF4B-00C04F79EFBC}") = "03.Iterator", "03.IteratorTest\03.Iterator.csproj", "{BA9D79D4-89C8-46B3-B166-241D2724A3F1}"
EndProject
Project("{FAE04EC0-301F-11D3-BF4B-00C04F79EFBC}") = "03.IteratorTests", "03.IteratorTests\03.IteratorTests.csproj", "{DBDBE4CF-DDB4-4F99-9258-6637C8742CAC}"
EndProject
Project("{FAE04EC0-301F-11D3-BF4B-00C04F79EFBC}") = "BubbleSort", "BubbleSort\BubbleSort.csproj", "{74134C6D-9825-4364-ABE7-D83CA9D1B46E}"
EndProject
Global
	GlobalSection(SolutionConfigurationPlatforms) = preSolution
		Debug|Any CPU = Debug|Any CPU
		Release|Any CPU = Release|Any CPU
	EndGlobalSection
	GlobalSection(ProjectConfigurationPlatforms) = postSolution
		{DDC007C8-D5AD-4B2A-9F73-E20EED9C524D}.Debug|Any CPU.ActiveCfg = Debug|Any CPU
		{DDC007C8-D5AD-4B2A-9F73-E20EED9C524D}.Debug|Any CPU.Build.0 = Debug|Any CPU
		{DDC007C8-D5AD-4B2A-9F73-E20EED9C524D}.Release|Any CPU.ActiveCfg = Release|Any CPU
		{DDC007C8-D5AD-4B2A-9F73-E20EED9C524D}.Release|Any CPU.Build.0 = Release|Any CPU
		{07E6F79B-1338-46AC-8153-DC58DC4BCF9A}.Debug|Any CPU.ActiveCfg = Debug|Any CPU
		{07E6F79B-1338-46AC-8153-DC58DC4BCF9A}.Debug|Any CPU.Build.0 = Debug|Any CPU
		{07E6F79B-1338-46AC-8153-DC58DC4BCF9A}.Release|Any CPU.ActiveCfg = Release|Any CPU
		{07E6F79B-1338-46AC-8153-DC58DC4BCF9A}.Release|Any CPU.Build.0 = Release|Any CPU
		{59ED948B-BD16-42A8-9154-3DACE6416E1E}.Debug|Any CPU.ActiveCfg = Debug|Any CPU
		{59ED948B-BD16-42A8-9154-3DACE6416E1E}.Debug|Any CPU.Build.0 = Debug|Any CPU
		{59ED948B-BD16-42A8-9154-3DACE6416E1E}.Release|Any CPU.ActiveCfg = Release|Any CPU
		{59ED948B-BD16-42A8-9154-3DACE6416E1E}.Release|Any CPU.Build.0 = Release|Any CPU
		{786CD87A-433F-4C4F-BFD0-A08A71574743}.Debug|Any CPU.ActiveCfg = Debug|Any CPU
		{786CD87A-433F-4C4F-BFD0-A08A71574743}.Debug|Any CPU.Build.0 = Debug|Any CPU
		{786CD87A-433F-4C4F-BFD0-A08A71574743}.Release|Any CPU.ActiveCfg = Release|Any CPU
		{786CD87A-433F-4C4F-BFD0-A08A71574743}.Release|Any CPU.Build.0 = Release|Any CPU
		{BA9D79D4-89C8-46B3-B166-241D2724A3F1}.Debug|Any CPU.ActiveCfg = Debug|Any CPU
		{BA9D79D4-89C8-46B3-B166-241D2724A3F1}.Debug|Any CPU.Build.0 = Debug|Any CPU
		{BA9D79D4-89C8-46B3-B166-241D2724A3F1}.Release|Any CPU.ActiveCfg = Release|Any CPU
		{BA9D79D4-89C8-46B3-B166-241D2724A3F1}.Release|Any CPU.Build.0 = Release|Any CPU
		{DBDBE4CF-DDB4-4F99-9258-6637C8742CAC}.Debug|Any CPU.ActiveCfg = Debug|Any CPU
		{DBDBE4CF-DDB4-4F99-9258-6637C8742CAC}.Debug|Any CPU.Build.0 = Debug|Any CPU
		{DBDBE4CF-DDB4-4F99-9258-6637C8742CAC}.Release|Any CPU.ActiveCfg = Release|Any CPU
		{DBDBE4CF-DDB4-4F99-9258-6637C8742CAC}.Release|Any CPU.Build.0 = Release|Any CPU
		{74134C6D-9825-4364-ABE7-D83CA9D1B46E}.Debug|Any CPU.ActiveCfg = Debug|Any CPU
		{74134C6D-9825-4364-ABE7-D83CA9D1B46E}.Debug|Any CPU.Build.0 = Debug|Any CPU
		{74134C6D-9825-4364-ABE7-D83CA9D1B46E}.Release|Any CPU.ActiveCfg = Release|Any CPU
		{74134C6D-9825-4364-ABE7-D83CA9D1B46E}.Release|Any CPU.Build.0 = Release|Any CPU
	EndGlobalSection
	GlobalSection(SolutionProperties) = preSolution
		HideSolutionNode = FALSE
	EndGlobalSection
	GlobalSection(ExtensibilityGlobals) = postSolution
		SolutionGuid = {B9FC0FE2-9F53-4339-8B6C-4592F4CD2235}
	EndGlobalSection
EndGlobal
