
Microsoft Visual Studio Solution File, Format Version 12.00
# Visual Studio 15
VisualStudioVersion = 15.0.27130.2024
MinimumVisualStudioVersion = 10.0.40219.1
Project("{9A19103F-16F7-4668-BE54-9A1E7A4F7556}") = "01.Database", "01.Database\01.Database.csproj", "{DDC007C8-D5AD-4B2A-9F73-E20EED9C524D}"
EndProject
Project("{9A19103F-16F7-4668-BE54-9A1E7A4F7556}") = "01.DatabaseTests.cs", "DatabaseTests.cs\01.DatabaseTests.cs.csproj", "{07E6F79B-1338-46AC-8153-DC58DC4BCF9A}"
EndProject
Project("{9A19103F-16F7-4668-BE54-9A1E7A4F7556}") = "02.ExtendedDatabase", "02.ExtendedDatabase\02.ExtendedDatabase.csproj", "{59ED948B-BD16-42A8-9154-3DACE6416E1E}"
EndProject
Project("{9A19103F-16F7-4668-BE54-9A1E7A4F7556}") = "02.ExtendedDBTest.Tests", "02.ExtendedDBTest\02.ExtendedDBTest.Tests.csproj", "{786CD87A-433F-4C4F-BFD0-A08A71574743}"
EndProject
Project("{9A19103F-16F7-4668-BE54-9A1E7A4F7556}") = "03.Iterator", "03.IteratorTest\03.Iterator.csproj", "{BA9D79D4-89C8-46B3-B166-241D2724A3F1}"
EndProject
Project("{9A19103F-16F7-4668-BE54-9A1E7A4F7556}") = "03.IteratorTests", "03.IteratorTests\03.IteratorTests.csproj", "{DBDBE4CF-DDB4-4F99-9258-6637C8742CAC}"
EndProject
Project("{9A19103F-16F7-4668-BE54-9A1E7A4F7556}") = "04.BubbleSort", "BubbleSort\04.BubbleSort.csproj", "{74134C6D-9825-4364-ABE7-D83CA9D1B46E}"
EndProject
Project("{9A19103F-16F7-4668-BE54-9A1E7A4F7556}") = "04.BubbleSortTests", "BubbleSortTests\04.BubbleSortTests.csproj", "{5F23EC02-5263-4879-9239-D9FEB97056B0}"
EndProject
Project("{9A19103F-16F7-4668-BE54-9A1E7A4F7556}") = "05.Integration", "05.IntegrationTests\05.Integration.csproj", "{A473F1F4-6E7A-4968-B22E-6F2AA782CDB3}"
EndProject
Project("{9A19103F-16F7-4668-BE54-9A1E7A4F7556}") = "06.Twitter", "06.Twitter\06.Twitter.csproj", "{62ED77B7-BF28-4A2B-B72A-B704F10CC8BA}"
EndProject
Project("{9A19103F-16F7-4668-BE54-9A1E7A4F7556}") = "06.TwitterTests", "06.TwitterTests\06.TwitterTests.csproj", "{3947A3A3-F329-49F9-AE7E-A3BF30D6F82A}"
EndProject
Project("{9A19103F-16F7-4668-BE54-9A1E7A4F7556}") = "07. Hack", "07. Hack\07. Hack.csproj", "{62B8FFC0-55DA-4FD1-9088-3F2AEFF8F015}"
EndProject
Project("{9A19103F-16F7-4668-BE54-9A1E7A4F7556}") = "07.HackTests", "07.HackTests\07.HackTests.csproj", "{0C7B892C-6B25-407E-8F1B-F3A37EED774C}"
EndProject
Project("{9A19103F-16F7-4668-BE54-9A1E7A4F7556}") = "08.CustomLinkedList", "08.CustomLinkedList\08.CustomLinkedList.csproj", "{D7D77028-1A1C-41A7-8AD6-C9DB03B28332}"
EndProject
Project("{FAE04EC0-301F-11D3-BF4B-00C04F79EFBC}") = "08.CustomLinkedListTest", "08.CustomLinkedListTest\08.CustomLinkedListTest.csproj", "{267F294C-0A57-42CA-948E-FF475C8BE318}"
EndProject
Global
	GlobalSection(SolutionConfigurationPlatforms) = preSolution
		Debug|Any CPU = Debug|Any CPU
		Release|Any CPU = Release|Any CPU
	EndGlobalSection
	GlobalSection(ProjectConfigurationPlatforms) = postSolution
		{DDC007C8-D5AD-4B2A-9F73-E20EED9C524D}.Debug|Any CPU.ActiveCfg = Debug|Any CPU
		{DDC007C8-D5AD-4B2A-9F73-E20EED9C524D}.Debug|Any CPU.Build.0 = Debug|Any CPU
		{DDC007C8-D5AD-4B2A-9F73-E20EED9C524D}.Release|Any CPU.ActiveCfg = Release|Any CPU
		{DDC007C8-D5AD-4B2A-9F73-E20EED9C524D}.Release|Any CPU.Build.0 = Release|Any CPU
		{07E6F79B-1338-46AC-8153-DC58DC4BCF9A}.Debug|Any CPU.ActiveCfg = Debug|Any CPU
		{07E6F79B-1338-46AC-8153-DC58DC4BCF9A}.Debug|Any CPU.Build.0 = Debug|Any CPU
		{07E6F79B-1338-46AC-8153-DC58DC4BCF9A}.Release|Any CPU.ActiveCfg = Release|Any CPU
		{07E6F79B-1338-46AC-8153-DC58DC4BCF9A}.Release|Any CPU.Build.0 = Release|Any CPU
		{59ED948B-BD16-42A8-9154-3DACE6416E1E}.Debug|Any CPU.ActiveCfg = Debug|Any CPU
		{59ED948B-BD16-42A8-9154-3DACE6416E1E}.Debug|Any CPU.Build.0 = Debug|Any CPU
		{59ED948B-BD16-42A8-9154-3DACE6416E1E}.Release|Any CPU.ActiveCfg = Release|Any CPU
		{59ED948B-BD16-42A8-9154-3DACE6416E1E}.Release|Any CPU.Build.0 = Release|Any CPU
		{786CD87A-433F-4C4F-BFD0-A08A71574743}.Debug|Any CPU.ActiveCfg = Debug|Any CPU
		{786CD87A-433F-4C4F-BFD0-A08A71574743}.Debug|Any CPU.Build.0 = Debug|Any CPU
		{786CD87A-433F-4C4F-BFD0-A08A71574743}.Release|Any CPU.ActiveCfg = Release|Any CPU
		{786CD87A-433F-4C4F-BFD0-A08A71574743}.Release|Any CPU.Build.0 = Release|Any CPU
		{BA9D79D4-89C8-46B3-B166-241D2724A3F1}.Debug|Any CPU.ActiveCfg = Debug|Any CPU
		{BA9D79D4-89C8-46B3-B166-241D2724A3F1}.Debug|Any CPU.Build.0 = Debug|Any CPU
		{BA9D79D4-89C8-46B3-B166-241D2724A3F1}.Release|Any CPU.ActiveCfg = Release|Any CPU
		{BA9D79D4-89C8-46B3-B166-241D2724A3F1}.Release|Any CPU.Build.0 = Release|Any CPU
		{DBDBE4CF-DDB4-4F99-9258-6637C8742CAC}.Debug|Any CPU.ActiveCfg = Debug|Any CPU
		{DBDBE4CF-DDB4-4F99-9258-6637C8742CAC}.Debug|Any CPU.Build.0 = Debug|Any CPU
		{DBDBE4CF-DDB4-4F99-9258-6637C8742CAC}.Release|Any CPU.ActiveCfg = Release|Any CPU
		{DBDBE4CF-DDB4-4F99-9258-6637C8742CAC}.Release|Any CPU.Build.0 = Release|Any CPU
		{74134C6D-9825-4364-ABE7-D83CA9D1B46E}.Debug|Any CPU.ActiveCfg = Debug|Any CPU
		{74134C6D-9825-4364-ABE7-D83CA9D1B46E}.Debug|Any CPU.Build.0 = Debug|Any CPU
		{74134C6D-9825-4364-ABE7-D83CA9D1B46E}.Release|Any CPU.ActiveCfg = Release|Any CPU
		{74134C6D-9825-4364-ABE7-D83CA9D1B46E}.Release|Any CPU.Build.0 = Release|Any CPU
		{5F23EC02-5263-4879-9239-D9FEB97056B0}.Debug|Any CPU.ActiveCfg = Debug|Any CPU
		{5F23EC02-5263-4879-9239-D9FEB97056B0}.Debug|Any CPU.Build.0 = Debug|Any CPU
		{5F23EC02-5263-4879-9239-D9FEB97056B0}.Release|Any CPU.ActiveCfg = Release|Any CPU
		{5F23EC02-5263-4879-9239-D9FEB97056B0}.Release|Any CPU.Build.0 = Release|Any CPU
		{A473F1F4-6E7A-4968-B22E-6F2AA782CDB3}.Debug|Any CPU.ActiveCfg = Debug|Any CPU
		{A473F1F4-6E7A-4968-B22E-6F2AA782CDB3}.Debug|Any CPU.Build.0 = Debug|Any CPU
		{A473F1F4-6E7A-4968-B22E-6F2AA782CDB3}.Release|Any CPU.ActiveCfg = Release|Any CPU
		{A473F1F4-6E7A-4968-B22E-6F2AA782CDB3}.Release|Any CPU.Build.0 = Release|Any CPU
		{62ED77B7-BF28-4A2B-B72A-B704F10CC8BA}.Debug|Any CPU.ActiveCfg = Debug|Any CPU
		{62ED77B7-BF28-4A2B-B72A-B704F10CC8BA}.Debug|Any CPU.Build.0 = Debug|Any CPU
		{62ED77B7-BF28-4A2B-B72A-B704F10CC8BA}.Release|Any CPU.ActiveCfg = Release|Any CPU
		{62ED77B7-BF28-4A2B-B72A-B704F10CC8BA}.Release|Any CPU.Build.0 = Release|Any CPU
		{3947A3A3-F329-49F9-AE7E-A3BF30D6F82A}.Debug|Any CPU.ActiveCfg = Debug|Any CPU
		{3947A3A3-F329-49F9-AE7E-A3BF30D6F82A}.Debug|Any CPU.Build.0 = Debug|Any CPU
		{3947A3A3-F329-49F9-AE7E-A3BF30D6F82A}.Release|Any CPU.ActiveCfg = Release|Any CPU
		{3947A3A3-F329-49F9-AE7E-A3BF30D6F82A}.Release|Any CPU.Build.0 = Release|Any CPU
		{62B8FFC0-55DA-4FD1-9088-3F2AEFF8F015}.Debug|Any CPU.ActiveCfg = Debug|Any CPU
		{62B8FFC0-55DA-4FD1-9088-3F2AEFF8F015}.Debug|Any CPU.Build.0 = Debug|Any CPU
		{62B8FFC0-55DA-4FD1-9088-3F2AEFF8F015}.Release|Any CPU.ActiveCfg = Release|Any CPU
		{62B8FFC0-55DA-4FD1-9088-3F2AEFF8F015}.Release|Any CPU.Build.0 = Release|Any CPU
		{0C7B892C-6B25-407E-8F1B-F3A37EED774C}.Debug|Any CPU.ActiveCfg = Debug|Any CPU
		{0C7B892C-6B25-407E-8F1B-F3A37EED774C}.Debug|Any CPU.Build.0 = Debug|Any CPU
		{0C7B892C-6B25-407E-8F1B-F3A37EED774C}.Release|Any CPU.ActiveCfg = Release|Any CPU
		{0C7B892C-6B25-407E-8F1B-F3A37EED774C}.Release|Any CPU.Build.0 = Release|Any CPU
		{D7D77028-1A1C-41A7-8AD6-C9DB03B28332}.Debug|Any CPU.ActiveCfg = Debug|Any CPU
		{D7D77028-1A1C-41A7-8AD6-C9DB03B28332}.Debug|Any CPU.Build.0 = Debug|Any CPU
		{D7D77028-1A1C-41A7-8AD6-C9DB03B28332}.Release|Any CPU.ActiveCfg = Release|Any CPU
		{D7D77028-1A1C-41A7-8AD6-C9DB03B28332}.Release|Any CPU.Build.0 = Release|Any CPU
		{267F294C-0A57-42CA-948E-FF475C8BE318}.Debug|Any CPU.ActiveCfg = Debug|Any CPU
		{267F294C-0A57-42CA-948E-FF475C8BE318}.Debug|Any CPU.Build.0 = Debug|Any CPU
		{267F294C-0A57-42CA-948E-FF475C8BE318}.Release|Any CPU.ActiveCfg = Release|Any CPU
		{267F294C-0A57-42CA-948E-FF475C8BE318}.Release|Any CPU.Build.0 = Release|Any CPU
	EndGlobalSection
	GlobalSection(SolutionProperties) = preSolution
		HideSolutionNode = FALSE
	EndGlobalSection
	GlobalSection(ExtensibilityGlobals) = postSolution
		SolutionGuid = {B9FC0FE2-9F53-4339-8B6C-4592F4CD2235}
	EndGlobalSection
EndGlobal
